
Microsoft Visual Studio Solution File, Format Version 12.00
# Visual Studio 15
VisualStudioVersion = 15.0.27703.2026
MinimumVisualStudioVersion = 10.0.40219.1
Project("{FAE04EC0-301F-11D3-BF4B-00C04F79EFBC}") = "AppServer", "AppServer\AppServer.csproj", "{D1299D08-71F0-4E79-ACD4-03742B908CAF}"
EndProject
Project("{FAE04EC0-301F-11D3-BF4B-00C04F79EFBC}") = "GameFramework", "GameFramework\GameFramework.csproj", "{E0F870E5-B978-40BF-BFD8-6AAB6631BD26}"
EndProject
Project("{FAE04EC0-301F-11D3-BF4B-00C04F79EFBC}") = "GameMain", "GameMain\GameMain.csproj", "{0FC6BBB7-126D-435B-B321-30AD743B4E6D}"
EndProject
Project("{FAE04EC0-301F-11D3-BF4B-00C04F79EFBC}") = "GameMsg", "GameMsg\GameMsg.csproj", "{C6FF387F-1419-4635-BF7E-30A5B1400078}"
EndProject
Project("{2150E333-8FDC-42A3-9474-1A3956D46DE8}") = "SuperSocket", "SuperSocket", "{BFE30E22-473F-4CF6-8E4F-5A7CEEBA2EBF}"
EndProject
Project("{FAE04EC0-301F-11D3-BF4B-00C04F79EFBC}") = "SuperSocket.Common.Net45", "SuperSocket\Common\SuperSocket.Common.Net45.csproj", "{A24F4D38-BA9C-4FD6-95B7-4980DE36131A}"
EndProject
Project("{FAE04EC0-301F-11D3-BF4B-00C04F79EFBC}") = "SuperSocket.Facility.Net45", "SuperSocket\Facility\SuperSocket.Facility.Net45.csproj", "{01987BAC-C498-44DD-B274-62EA2506B51D}"
EndProject
Project("{FAE04EC0-301F-11D3-BF4B-00C04F79EFBC}") = "SuperSocket.SocketBase.Net45", "SuperSocket\SocketBase\SuperSocket.SocketBase.Net45.csproj", "{40B77789-EA11-4C05-8F52-86711D7BCAAF}"
EndProject
Project("{FAE04EC0-301F-11D3-BF4B-00C04F79EFBC}") = "SuperSocket.SocketEngine.Net45", "SuperSocket\SocketEngine\SuperSocket.SocketEngine.Net45.csproj", "{153FEF72-191C-43D9-BE71-2B351C7AC760}"
EndProject
Global
	GlobalSection(SolutionConfigurationPlatforms) = preSolution
		Debug|Any CPU = Debug|Any CPU
		Debug|x64 = Debug|x64
		Debug|x86 = Debug|x86
		Release|Any CPU = Release|Any CPU
		Release|x64 = Release|x64
		Release|x86 = Release|x86
	EndGlobalSection
	GlobalSection(ProjectConfigurationPlatforms) = postSolution
		{D1299D08-71F0-4E79-ACD4-03742B908CAF}.Debug|Any CPU.ActiveCfg = Debug|Any CPU
		{D1299D08-71F0-4E79-ACD4-03742B908CAF}.Debug|Any CPU.Build.0 = Debug|Any CPU
		{D1299D08-71F0-4E79-ACD4-03742B908CAF}.Debug|x64.ActiveCfg = Debug|Any CPU
		{D1299D08-71F0-4E79-ACD4-03742B908CAF}.Debug|x64.Build.0 = Debug|Any CPU
		{D1299D08-71F0-4E79-ACD4-03742B908CAF}.Debug|x86.ActiveCfg = Debug|Any CPU
		{D1299D08-71F0-4E79-ACD4-03742B908CAF}.Debug|x86.Build.0 = Debug|Any CPU
		{D1299D08-71F0-4E79-ACD4-03742B908CAF}.Release|Any CPU.ActiveCfg = Release|Any CPU
		{D1299D08-71F0-4E79-ACD4-03742B908CAF}.Release|Any CPU.Build.0 = Release|Any CPU
		{D1299D08-71F0-4E79-ACD4-03742B908CAF}.Release|x64.ActiveCfg = Release|Any CPU
		{D1299D08-71F0-4E79-ACD4-03742B908CAF}.Release|x64.Build.0 = Release|Any CPU
		{D1299D08-71F0-4E79-ACD4-03742B908CAF}.Release|x86.ActiveCfg = Release|Any CPU
		{D1299D08-71F0-4E79-ACD4-03742B908CAF}.Release|x86.Build.0 = Release|Any CPU
		{E0F870E5-B978-40BF-BFD8-6AAB6631BD26}.Debug|Any CPU.ActiveCfg = Debug|Any CPU
		{E0F870E5-B978-40BF-BFD8-6AAB6631BD26}.Debug|Any CPU.Build.0 = Debug|Any CPU
		{E0F870E5-B978-40BF-BFD8-6AAB6631BD26}.Debug|x64.ActiveCfg = Debug|Any CPU
		{E0F870E5-B978-40BF-BFD8-6AAB6631BD26}.Debug|x64.Build.0 = Debug|Any CPU
		{E0F870E5-B978-40BF-BFD8-6AAB6631BD26}.Debug|x86.ActiveCfg = Debug|Any CPU
		{E0F870E5-B978-40BF-BFD8-6AAB6631BD26}.Debug|x86.Build.0 = Debug|Any CPU
		{E0F870E5-B978-40BF-BFD8-6AAB6631BD26}.Release|Any CPU.ActiveCfg = Release|Any CPU
		{E0F870E5-B978-40BF-BFD8-6AAB6631BD26}.Release|Any CPU.Build.0 = Release|Any CPU
		{E0F870E5-B978-40BF-BFD8-6AAB6631BD26}.Release|x64.ActiveCfg = Release|Any CPU
		{E0F870E5-B978-40BF-BFD8-6AAB6631BD26}.Release|x64.Build.0 = Release|Any CPU
		{E0F870E5-B978-40BF-BFD8-6AAB6631BD26}.Release|x86.ActiveCfg = Release|Any CPU
		{E0F870E5-B978-40BF-BFD8-6AAB6631BD26}.Release|x86.Build.0 = Release|Any CPU
		{0FC6BBB7-126D-435B-B321-30AD743B4E6D}.Debug|Any CPU.ActiveCfg = Debug|Any CPU
		{0FC6BBB7-126D-435B-B321-30AD743B4E6D}.Debug|Any CPU.Build.0 = Debug|Any CPU
		{0FC6BBB7-126D-435B-B321-30AD743B4E6D}.Debug|x64.ActiveCfg = Debug|Any CPU
		{0FC6BBB7-126D-435B-B321-30AD743B4E6D}.Debug|x64.Build.0 = Debug|Any CPU
		{0FC6BBB7-126D-435B-B321-30AD743B4E6D}.Debug|x86.ActiveCfg = Debug|Any CPU
		{0FC6BBB7-126D-435B-B321-30AD743B4E6D}.Debug|x86.Build.0 = Debug|Any CPU
		{0FC6BBB7-126D-435B-B321-30AD743B4E6D}.Release|Any CPU.ActiveCfg = Release|Any CPU
		{0FC6BBB7-126D-435B-B321-30AD743B4E6D}.Release|Any CPU.Build.0 = Release|Any CPU
		{0FC6BBB7-126D-435B-B321-30AD743B4E6D}.Release|x64.ActiveCfg = Release|Any CPU
		{0FC6BBB7-126D-435B-B321-30AD743B4E6D}.Release|x64.Build.0 = Release|Any CPU
		{0FC6BBB7-126D-435B-B321-30AD743B4E6D}.Release|x86.ActiveCfg = Release|Any CPU
		{0FC6BBB7-126D-435B-B321-30AD743B4E6D}.Release|x86.Build.0 = Release|Any CPU
		{C6FF387F-1419-4635-BF7E-30A5B1400078}.Debug|Any CPU.ActiveCfg = Debug|Any CPU
		{C6FF387F-1419-4635-BF7E-30A5B1400078}.Debug|Any CPU.Build.0 = Debug|Any CPU
		{C6FF387F-1419-4635-BF7E-30A5B1400078}.Debug|x64.ActiveCfg = Debug|Any CPU
		{C6FF387F-1419-4635-BF7E-30A5B1400078}.Debug|x64.Build.0 = Debug|Any CPU
		{C6FF387F-1419-4635-BF7E-30A5B1400078}.Debug|x86.ActiveCfg = Debug|Any CPU
		{C6FF387F-1419-4635-BF7E-30A5B1400078}.Debug|x86.Build.0 = Debug|Any CPU
		{C6FF387F-1419-4635-BF7E-30A5B1400078}.Release|Any CPU.ActiveCfg = Release|Any CPU
		{C6FF387F-1419-4635-BF7E-30A5B1400078}.Release|Any CPU.Build.0 = Release|Any CPU
		{C6FF387F-1419-4635-BF7E-30A5B1400078}.Release|x64.ActiveCfg = Release|Any CPU
		{C6FF387F-1419-4635-BF7E-30A5B1400078}.Release|x64.Build.0 = Release|Any CPU
		{C6FF387F-1419-4635-BF7E-30A5B1400078}.Release|x86.ActiveCfg = Release|Any CPU
		{C6FF387F-1419-4635-BF7E-30A5B1400078}.Release|x86.Build.0 = Release|Any CPU
		{A24F4D38-BA9C-4FD6-95B7-4980DE36131A}.Debug|Any CPU.ActiveCfg = Debug|Any CPU
		{A24F4D38-BA9C-4FD6-95B7-4980DE36131A}.Debug|Any CPU.Build.0 = Debug|Any CPU
		{A24F4D38-BA9C-4FD6-95B7-4980DE36131A}.Debug|x64.ActiveCfg = Debug|Any CPU
		{A24F4D38-BA9C-4FD6-95B7-4980DE36131A}.Debug|x64.Build.0 = Debug|Any CPU
		{A24F4D38-BA9C-4FD6-95B7-4980DE36131A}.Debug|x86.ActiveCfg = Debug|Any CPU
		{A24F4D38-BA9C-4FD6-95B7-4980DE36131A}.Debug|x86.Build.0 = Debug|Any CPU
		{A24F4D38-BA9C-4FD6-95B7-4980DE36131A}.Release|Any CPU.ActiveCfg = Release|Any CPU
		{A24F4D38-BA9C-4FD6-95B7-4980DE36131A}.Release|Any CPU.Build.0 = Release|Any CPU
		{A24F4D38-BA9C-4FD6-95B7-4980DE36131A}.Release|x64.ActiveCfg = Release|Any CPU
		{A24F4D38-BA9C-4FD6-95B7-4980DE36131A}.Release|x64.Build.0 = Release|Any CPU
		{A24F4D38-BA9C-4FD6-95B7-4980DE36131A}.Release|x86.ActiveCfg = Release|Any CPU
		{A24F4D38-BA9C-4FD6-95B7-4980DE36131A}.Release|x86.Build.0 = Release|Any CPU
		{01987BAC-C498-44DD-B274-62EA2506B51D}.Debug|Any CPU.ActiveCfg = Debug|Any CPU
		{01987BAC-C498-44DD-B274-62EA2506B51D}.Debug|Any CPU.Build.0 = Debug|Any CPU
		{01987BAC-C498-44DD-B274-62EA2506B51D}.Debug|x64.ActiveCfg = Debug|Any CPU
		{01987BAC-C498-44DD-B274-62EA2506B51D}.Debug|x64.Build.0 = Debug|Any CPU
		{01987BAC-C498-44DD-B274-62EA2506B51D}.Debug|x86.ActiveCfg = Debug|Any CPU
		{01987BAC-C498-44DD-B274-62EA2506B51D}.Debug|x86.Build.0 = Debug|Any CPU
		{01987BAC-C498-44DD-B274-62EA2506B51D}.Release|Any CPU.ActiveCfg = Release|Any CPU
		{01987BAC-C498-44DD-B274-62EA2506B51D}.Release|Any CPU.Build.0 = Release|Any CPU
		{01987BAC-C498-44DD-B274-62EA2506B51D}.Release|x64.ActiveCfg = Release|Any CPU
		{01987BAC-C498-44DD-B274-62EA2506B51D}.Release|x64.Build.0 = Release|Any CPU
		{01987BAC-C498-44DD-B274-62EA2506B51D}.Release|x86.ActiveCfg = Release|Any CPU
		{01987BAC-C498-44DD-B274-62EA2506B51D}.Release|x86.Build.0 = Release|Any CPU
		{40B77789-EA11-4C05-8F52-86711D7BCAAF}.Debug|Any CPU.ActiveCfg = Debug|Any CPU
		{40B77789-EA11-4C05-8F52-86711D7BCAAF}.Debug|Any CPU.Build.0 = Debug|Any CPU
		{40B77789-EA11-4C05-8F52-86711D7BCAAF}.Debug|x64.ActiveCfg = Debug|Any CPU
		{40B77789-EA11-4C05-8F52-86711D7BCAAF}.Debug|x64.Build.0 = Debug|Any CPU
		{40B77789-EA11-4C05-8F52-86711D7BCAAF}.Debug|x86.ActiveCfg = Debug|Any CPU
		{40B77789-EA11-4C05-8F52-86711D7BCAAF}.Debug|x86.Build.0 = Debug|Any CPU
		{40B77789-EA11-4C05-8F52-86711D7BCAAF}.Release|Any CPU.ActiveCfg = Release|Any CPU
		{40B77789-EA11-4C05-8F52-86711D7BCAAF}.Release|Any CPU.Build.0 = Release|Any CPU
		{40B77789-EA11-4C05-8F52-86711D7BCAAF}.Release|x64.ActiveCfg = Release|Any CPU
		{40B77789-EA11-4C05-8F52-86711D7BCAAF}.Release|x64.Build.0 = Release|Any CPU
		{40B77789-EA11-4C05-8F52-86711D7BCAAF}.Release|x86.ActiveCfg = Release|Any CPU
		{40B77789-EA11-4C05-8F52-86711D7BCAAF}.Release|x86.Build.0 = Release|Any CPU
		{153FEF72-191C-43D9-BE71-2B351C7AC760}.Debug|Any CPU.ActiveCfg = Debug|Any CPU
		{153FEF72-191C-43D9-BE71-2B351C7AC760}.Debug|Any CPU.Build.0 = Debug|Any CPU
		{153FEF72-191C-43D9-BE71-2B351C7AC760}.Debug|x64.ActiveCfg = Debug|Any CPU
		{153FEF72-191C-43D9-BE71-2B351C7AC760}.Debug|x64.Build.0 = Debug|Any CPU
		{153FEF72-191C-43D9-BE71-2B351C7AC760}.Debug|x86.ActiveCfg = Debug|Any CPU
		{153FEF72-191C-43D9-BE71-2B351C7AC760}.Debug|x86.Build.0 = Debug|Any CPU
		{153FEF72-191C-43D9-BE71-2B351C7AC760}.Release|Any CPU.ActiveCfg = Release|Any CPU
		{153FEF72-191C-43D9-BE71-2B351C7AC760}.Release|Any CPU.Build.0 = Release|Any CPU
		{153FEF72-191C-43D9-BE71-2B351C7AC760}.Release|x64.ActiveCfg = Release|Any CPU
		{153FEF72-191C-43D9-BE71-2B351C7AC760}.Release|x64.Build.0 = Release|Any CPU
		{153FEF72-191C-43D9-BE71-2B351C7AC760}.Release|x86.ActiveCfg = Release|Any CPU
		{153FEF72-191C-43D9-BE71-2B351C7AC760}.Release|x86.Build.0 = Release|Any CPU
	EndGlobalSection
	GlobalSection(SolutionProperties) = preSolution
		HideSolutionNode = FALSE
	EndGlobalSection
	GlobalSection(NestedProjects) = preSolution
		{A24F4D38-BA9C-4FD6-95B7-4980DE36131A} = {BFE30E22-473F-4CF6-8E4F-5A7CEEBA2EBF}
		{01987BAC-C498-44DD-B274-62EA2506B51D} = {BFE30E22-473F-4CF6-8E4F-5A7CEEBA2EBF}
		{40B77789-EA11-4C05-8F52-86711D7BCAAF} = {BFE30E22-473F-4CF6-8E4F-5A7CEEBA2EBF}
		{153FEF72-191C-43D9-BE71-2B351C7AC760} = {BFE30E22-473F-4CF6-8E4F-5A7CEEBA2EBF}
	EndGlobalSection
	GlobalSection(ExtensibilityGlobals) = postSolution
		SolutionGuid = {0835DBF5-66E8-4739-94FE-1BF88A7B0831}
	EndGlobalSection
EndGlobal
